// !$*UTF8*$!
{
	archiveVersion = 1;
	classes = {
	};
	objectVersion = 56;
	objects = {

/* Begin PBXBuildFile section */
		EB00B01E2988A2B700D696E7 /* YoMoolaApp.swift in Sources */ = {isa = PBXBuildFile; fileRef = EB00B01D2988A2B700D696E7 /* YoMoolaApp.swift */; };
		EB00B0202988A2B700D696E7 /* ContentView.swift in Sources */ = {isa = PBXBuildFile; fileRef = EB00B01F2988A2B700D696E7 /* ContentView.swift */; };
		EB00B0252988A2B800D696E7 /* Preview Assets.xcassets in Resources */ = {isa = PBXBuildFile; fileRef = EB00B0242988A2B800D696E7 /* Preview Assets.xcassets */; };
		EB00B02F2988A2B900D696E7 /* YoMoolaTests.swift in Sources */ = {isa = PBXBuildFile; fileRef = EB00B02E2988A2B900D696E7 /* YoMoolaTests.swift */; };
		EB00B0392988A2B900D696E7 /* YoMoolaUITests.swift in Sources */ = {isa = PBXBuildFile; fileRef = EB00B0382988A2B900D696E7 /* YoMoolaUITests.swift */; };
		EB00B03B2988A2B900D696E7 /* YoMoolaUITestsLaunchTests.swift in Sources */ = {isa = PBXBuildFile; fileRef = EB00B03A2988A2B900D696E7 /* YoMoolaUITestsLaunchTests.swift */; };
		EB4DE3EE298B341000C4418C /* Color.swift in Sources */ = {isa = PBXBuildFile; fileRef = EB4DE3ED298B341000C4418C /* Color.swift */; };
		EB4DE3F3298B6E7D00C4418C /* WelcomeView.swift in Sources */ = {isa = PBXBuildFile; fileRef = EB4DE3F2298B6E7D00C4418C /* WelcomeView.swift */; };
		EB4DE3F8298B71DC00C4418C /* SignIn.swift in Sources */ = {isa = PBXBuildFile; fileRef = EB4DE3F7298B71DC00C4418C /* SignIn.swift */; };
		EB4DE3FA298B728F00C4418C /* TextInputs.swift in Sources */ = {isa = PBXBuildFile; fileRef = EB4DE3F9298B728F00C4418C /* TextInputs.swift */; };
		EB4DE3FC298C21EF00C4418C /* Properties.swift in Sources */ = {isa = PBXBuildFile; fileRef = EB4DE3FB298C21EF00C4418C /* Properties.swift */; };
		EB4DE400298C644200C4418C /* GreenButtons.swift in Sources */ = {isa = PBXBuildFile; fileRef = EB4DE3FF298C644200C4418C /* GreenButtons.swift */; };
		EB4DE405298C655000C4418C /* README.md in Resources */ = {isa = PBXBuildFile; fileRef = EB4DE404298C655000C4418C /* README.md */; };
		EB4DE407298C8D6A00C4418C /* FullScreenViews.swift in Sources */ = {isa = PBXBuildFile; fileRef = EB4DE406298C8D6A00C4418C /* FullScreenViews.swift */; };
		EB4DE40B298C92CA00C4418C /* WhiteCards.swift in Sources */ = {isa = PBXBuildFile; fileRef = EB4DE40A298C92CA00C4418C /* WhiteCards.swift */; };
		EB4DE40E298DA3C900C4418C /* HomeView.swift in Sources */ = {isa = PBXBuildFile; fileRef = EB4DE40D298DA3C900C4418C /* HomeView.swift */; };
		EB4DE410298DBA5900C4418C /* DarkGreenButton.swift in Sources */ = {isa = PBXBuildFile; fileRef = EB4DE40F298DBA5900C4418C /* DarkGreenButton.swift */; };
		EB4DE413298E073400C4418C /* WalletView.swift in Sources */ = {isa = PBXBuildFile; fileRef = EB4DE412298E073400C4418C /* WalletView.swift */; };
		EB4DE415298E269E00C4418C /* Assets.xcassets in Resources */ = {isa = PBXBuildFile; fileRef = EB4DE414298E269E00C4418C /* Assets.xcassets */; };
		EB8400EE2990BC8100DC57A2 /* PayDetailView.swift in Sources */ = {isa = PBXBuildFile; fileRef = EB8400ED2990BC8100DC57A2 /* PayDetailView.swift */; };
		EB8400F0299217EB00DC57A2 /* JournalKeyboardSaveButton.swift in Sources */ = {isa = PBXBuildFile; fileRef = EB8400EF299217EB00DC57A2 /* JournalKeyboardSaveButton.swift */; };
		EB8400F3299322FB00DC57A2 /* InvoiceModel.swift in Sources */ = {isa = PBXBuildFile; fileRef = EB8400F2299322FB00DC57A2 /* InvoiceModel.swift */; };
		EB8400F729935EE500DC57A2 /* MarketView.swift in Sources */ = {isa = PBXBuildFile; fileRef = EB8400F629935EE500DC57A2 /* MarketView.swift */; };
		EB8400F929945E4200DC57A2 /* PercentageChangeCapsule.swift in Sources */ = {isa = PBXBuildFile; fileRef = EB8400F829945E4200DC57A2 /* PercentageChangeCapsule.swift */; };
		EB8400FB2994931A00DC57A2 /* SearchInput.swift in Sources */ = {isa = PBXBuildFile; fileRef = EB8400FA2994931A00DC57A2 /* SearchInput.swift */; };
		EB8400FD2994ACC800DC57A2 /* CreditCardModel.swift in Sources */ = {isa = PBXBuildFile; fileRef = EB8400FC2994ACC800DC57A2 /* CreditCardModel.swift */; };
		EB8400FF2994B11900DC57A2 /* CreditCardComponents.swift in Sources */ = {isa = PBXBuildFile; fileRef = EB8400FE2994B11900DC57A2 /* CreditCardComponents.swift */; };
		EB8401012995C5C600DC57A2 /* Walletmodel.swift in Sources */ = {isa = PBXBuildFile; fileRef = EB8401002995C5C600DC57A2 /* Walletmodel.swift */; };
		EB8401252995E1CE00DC57A2 /* CodeScanner in Frameworks */ = {isa = PBXBuildFile; productRef = EB8401242995E1CE00DC57A2 /* CodeScanner */; };
		EBC6A793298EF38900090A19 /* PayView.swift in Sources */ = {isa = PBXBuildFile; fileRef = EBC6A792298EF38900090A19 /* PayView.swift */; };
		EBC6A797298F492400090A19 /* ImageComponents.swift in Sources */ = {isa = PBXBuildFile; fileRef = EBC6A796298F492400090A19 /* ImageComponents.swift */; };
		EBC6A799298F599D00090A19 /* UserRow.swift in Sources */ = {isa = PBXBuildFile; fileRef = EBC6A798298F599D00090A19 /* UserRow.swift */; };
		EBC6A79D298F64E900090A19 /* ProfileView.swift in Sources */ = {isa = PBXBuildFile; fileRef = EBC6A79C298F64E900090A19 /* ProfileView.swift */; };
/* End PBXBuildFile section */

/* Begin PBXContainerItemProxy section */
		EB00B02B2988A2B900D696E7 /* PBXContainerItemProxy */ = {
			isa = PBXContainerItemProxy;
			containerPortal = EB00B0122988A2B700D696E7 /* Project object */;
			proxyType = 1;
			remoteGlobalIDString = EB00B0192988A2B700D696E7;
			remoteInfo = YoMoola;
		};
		EB00B0352988A2B900D696E7 /* PBXContainerItemProxy */ = {
			isa = PBXContainerItemProxy;
			containerPortal = EB00B0122988A2B700D696E7 /* Project object */;
			proxyType = 1;
			remoteGlobalIDString = EB00B0192988A2B700D696E7;
			remoteInfo = YoMoola;
		};
/* End PBXContainerItemProxy section */

/* Begin PBXFileReference section */
		EB00B01A2988A2B700D696E7 /* YoMoola.app */ = {isa = PBXFileReference; explicitFileType = wrapper.application; includeInIndex = 0; path = YoMoola.app; sourceTree = BUILT_PRODUCTS_DIR; };
		EB00B01D2988A2B700D696E7 /* YoMoolaApp.swift */ = {isa = PBXFileReference; lastKnownFileType = sourcecode.swift; path = YoMoolaApp.swift; sourceTree = "<group>"; };
		EB00B01F2988A2B700D696E7 /* ContentView.swift */ = {isa = PBXFileReference; lastKnownFileType = sourcecode.swift; path = ContentView.swift; sourceTree = "<group>"; };
		EB00B0242988A2B800D696E7 /* Preview Assets.xcassets */ = {isa = PBXFileReference; lastKnownFileType = folder.assetcatalog; path = "Preview Assets.xcassets"; sourceTree = "<group>"; };
		EB00B02A2988A2B900D696E7 /* YoMoolaTests.xctest */ = {isa = PBXFileReference; explicitFileType = wrapper.cfbundle; includeInIndex = 0; path = YoMoolaTests.xctest; sourceTree = BUILT_PRODUCTS_DIR; };
		EB00B02E2988A2B900D696E7 /* YoMoolaTests.swift */ = {isa = PBXFileReference; lastKnownFileType = sourcecode.swift; path = YoMoolaTests.swift; sourceTree = "<group>"; };
		EB00B0342988A2B900D696E7 /* YoMoolaUITests.xctest */ = {isa = PBXFileReference; explicitFileType = wrapper.cfbundle; includeInIndex = 0; path = YoMoolaUITests.xctest; sourceTree = BUILT_PRODUCTS_DIR; };
		EB00B0382988A2B900D696E7 /* YoMoolaUITests.swift */ = {isa = PBXFileReference; lastKnownFileType = sourcecode.swift; path = YoMoolaUITests.swift; sourceTree = "<group>"; };
		EB00B03A2988A2B900D696E7 /* YoMoolaUITestsLaunchTests.swift */ = {isa = PBXFileReference; lastKnownFileType = sourcecode.swift; path = YoMoolaUITestsLaunchTests.swift; sourceTree = "<group>"; };
		EB00B0492988A42800D696E7 /* Info.plist */ = {isa = PBXFileReference; lastKnownFileType = text.plist; path = Info.plist; sourceTree = "<group>"; };
		EB4DE3ED298B341000C4418C /* Color.swift */ = {isa = PBXFileReference; lastKnownFileType = sourcecode.swift; path = Color.swift; sourceTree = "<group>"; };
		EB4DE3F2298B6E7D00C4418C /* WelcomeView.swift */ = {isa = PBXFileReference; lastKnownFileType = sourcecode.swift; path = WelcomeView.swift; sourceTree = "<group>"; };
		EB4DE3F7298B71DC00C4418C /* SignIn.swift */ = {isa = PBXFileReference; lastKnownFileType = sourcecode.swift; path = SignIn.swift; sourceTree = "<group>"; };
		EB4DE3F9298B728F00C4418C /* TextInputs.swift */ = {isa = PBXFileReference; lastKnownFileType = sourcecode.swift; path = TextInputs.swift; sourceTree = "<group>"; };
		EB4DE3FB298C21EF00C4418C /* Properties.swift */ = {isa = PBXFileReference; lastKnownFileType = sourcecode.swift; path = Properties.swift; sourceTree = "<group>"; };
		EB4DE3FF298C644200C4418C /* GreenButtons.swift */ = {isa = PBXFileReference; lastKnownFileType = sourcecode.swift; path = GreenButtons.swift; sourceTree = "<group>"; };
		EB4DE404298C655000C4418C /* README.md */ = {isa = PBXFileReference; fileEncoding = 4; lastKnownFileType = net.daringfireball.markdown; path = README.md; sourceTree = SOURCE_ROOT; };
		EB4DE406298C8D6A00C4418C /* FullScreenViews.swift */ = {isa = PBXFileReference; lastKnownFileType = sourcecode.swift; path = FullScreenViews.swift; sourceTree = "<group>"; };
		EB4DE40A298C92CA00C4418C /* WhiteCards.swift */ = {isa = PBXFileReference; lastKnownFileType = sourcecode.swift; path = WhiteCards.swift; sourceTree = "<group>"; };
		EB4DE40D298DA3C900C4418C /* HomeView.swift */ = {isa = PBXFileReference; lastKnownFileType = sourcecode.swift; path = HomeView.swift; sourceTree = "<group>"; };
		EB4DE40F298DBA5900C4418C /* DarkGreenButton.swift */ = {isa = PBXFileReference; lastKnownFileType = sourcecode.swift; path = DarkGreenButton.swift; sourceTree = "<group>"; };
		EB4DE412298E073400C4418C /* WalletView.swift */ = {isa = PBXFileReference; lastKnownFileType = sourcecode.swift; path = WalletView.swift; sourceTree = "<group>"; };
		EB4DE414298E269E00C4418C /* Assets.xcassets */ = {isa = PBXFileReference; lastKnownFileType = folder.assetcatalog; path = Assets.xcassets; sourceTree = "<group>"; };
		EB8400ED2990BC8100DC57A2 /* PayDetailView.swift */ = {isa = PBXFileReference; lastKnownFileType = sourcecode.swift; path = PayDetailView.swift; sourceTree = "<group>"; };
		EB8400EF299217EB00DC57A2 /* JournalKeyboardSaveButton.swift */ = {isa = PBXFileReference; lastKnownFileType = sourcecode.swift; path = JournalKeyboardSaveButton.swift; sourceTree = "<group>"; };
		EB8400F2299322FB00DC57A2 /* InvoiceModel.swift */ = {isa = PBXFileReference; lastKnownFileType = sourcecode.swift; path = InvoiceModel.swift; sourceTree = "<group>"; };
		EB8400F629935EE500DC57A2 /* MarketView.swift */ = {isa = PBXFileReference; lastKnownFileType = sourcecode.swift; path = MarketView.swift; sourceTree = "<group>"; };
		EB8400F829945E4200DC57A2 /* PercentageChangeCapsule.swift */ = {isa = PBXFileReference; lastKnownFileType = sourcecode.swift; path = PercentageChangeCapsule.swift; sourceTree = "<group>"; };
		EB8400FA2994931A00DC57A2 /* SearchInput.swift */ = {isa = PBXFileReference; lastKnownFileType = sourcecode.swift; path = SearchInput.swift; sourceTree = "<group>"; };
		EB8400FC2994ACC800DC57A2 /* CreditCardModel.swift */ = {isa = PBXFileReference; lastKnownFileType = sourcecode.swift; path = CreditCardModel.swift; sourceTree = "<group>"; };
		EB8400FE2994B11900DC57A2 /* CreditCardComponents.swift */ = {isa = PBXFileReference; lastKnownFileType = sourcecode.swift; path = CreditCardComponents.swift; sourceTree = "<group>"; };
		EB8401002995C5C600DC57A2 /* Walletmodel.swift */ = {isa = PBXFileReference; lastKnownFileType = sourcecode.swift; path = Walletmodel.swift; sourceTree = "<group>"; };
		EBC6A792298EF38900090A19 /* PayView.swift */ = {isa = PBXFileReference; lastKnownFileType = sourcecode.swift; path = PayView.swift; sourceTree = "<group>"; };
		EBC6A796298F492400090A19 /* ImageComponents.swift */ = {isa = PBXFileReference; lastKnownFileType = sourcecode.swift; path = ImageComponents.swift; sourceTree = "<group>"; };
		EBC6A798298F599D00090A19 /* UserRow.swift */ = {isa = PBXFileReference; lastKnownFileType = sourcecode.swift; path = UserRow.swift; sourceTree = "<group>"; };
		EBC6A79C298F64E900090A19 /* ProfileView.swift */ = {isa = PBXFileReference; lastKnownFileType = sourcecode.swift; path = ProfileView.swift; sourceTree = "<group>"; };
/* End PBXFileReference section */

/* Begin PBXFrameworksBuildPhase section */
		EB00B0172988A2B700D696E7 /* Frameworks */ = {
			isa = PBXFrameworksBuildPhase;
			buildActionMask = 2147483647;
			files = (
				EB8401252995E1CE00DC57A2 /* CodeScanner in Frameworks */,
			);
			runOnlyForDeploymentPostprocessing = 0;
		};
		EB00B0272988A2B900D696E7 /* Frameworks */ = {
			isa = PBXFrameworksBuildPhase;
			buildActionMask = 2147483647;
			files = (
			);
			runOnlyForDeploymentPostprocessing = 0;
		};
		EB00B0312988A2B900D696E7 /* Frameworks */ = {
			isa = PBXFrameworksBuildPhase;
			buildActionMask = 2147483647;
			files = (
			);
			runOnlyForDeploymentPostprocessing = 0;
		};
/* End PBXFrameworksBuildPhase section */

/* Begin PBXGroup section */
		EB00B0112988A2B700D696E7 = {
			isa = PBXGroup;
			children = (
				EB00B01C2988A2B700D696E7 /* YoMoola */,
				EB00B02D2988A2B900D696E7 /* YoMoolaTests */,
				EB00B0372988A2B900D696E7 /* YoMoolaUITests */,
				EB00B01B2988A2B700D696E7 /* Products */,
			);
			sourceTree = "<group>";
		};
		EB00B01B2988A2B700D696E7 /* Products */ = {
			isa = PBXGroup;
			children = (
				EB00B01A2988A2B700D696E7 /* YoMoola.app */,
				EB00B02A2988A2B900D696E7 /* YoMoolaTests.xctest */,
				EB00B0342988A2B900D696E7 /* YoMoolaUITests.xctest */,
			);
			name = Products;
			sourceTree = "<group>";
		};
		EB00B01C2988A2B700D696E7 /* YoMoola */ = {
			isa = PBXGroup;
			children = (
				EB8400F1299322E100DC57A2 /* Model */,
				EB4DE3EB298B33FC00C4418C /* Utilities */,
				EB4DE3F4298B71B600C4418C /* Views */,
				EB00B01F2988A2B700D696E7 /* ContentView.swift */,
				EB00B01D2988A2B700D696E7 /* YoMoolaApp.swift */,
				EB00B0492988A42800D696E7 /* Info.plist */,
				EB4DE414298E269E00C4418C /* Assets.xcassets */,
				EB4DE404298C655000C4418C /* README.md */,
				EB00B0232988A2B800D696E7 /* Preview Content */,
			);
			path = YoMoola;
			sourceTree = "<group>";
		};
		EB00B0232988A2B800D696E7 /* Preview Content */ = {
			isa = PBXGroup;
			children = (
				EB00B0242988A2B800D696E7 /* Preview Assets.xcassets */,
			);
			path = "Preview Content";
			sourceTree = "<group>";
		};
		EB00B02D2988A2B900D696E7 /* YoMoolaTests */ = {
			isa = PBXGroup;
			children = (
				EB00B02E2988A2B900D696E7 /* YoMoolaTests.swift */,
			);
			path = YoMoolaTests;
			sourceTree = "<group>";
		};
		EB00B0372988A2B900D696E7 /* YoMoolaUITests */ = {
			isa = PBXGroup;
			children = (
				EB00B0382988A2B900D696E7 /* YoMoolaUITests.swift */,
				EB00B03A2988A2B900D696E7 /* YoMoolaUITestsLaunchTests.swift */,
			);
			path = YoMoolaUITests;
			sourceTree = "<group>";
		};
		EB4DE3EB298B33FC00C4418C /* Utilities */ = {
			isa = PBXGroup;
			children = (
				EB4DE3EC298B340300C4418C /* Extensions */,
				EB4DE3FB298C21EF00C4418C /* Properties.swift */,
			);
			path = Utilities;
			sourceTree = "<group>";
		};
		EB4DE3EC298B340300C4418C /* Extensions */ = {
			isa = PBXGroup;
			children = (
				EB4DE3ED298B341000C4418C /* Color.swift */,
			);
			path = Extensions;
			sourceTree = "<group>";
		};
		EB4DE3EF298B353100C4418C /* Components */ = {
			isa = PBXGroup;
			children = (
				EB8400FE2994B11900DC57A2 /* CreditCardComponents.swift */,
				EB4DE40F298DBA5900C4418C /* DarkGreenButton.swift */,
				EB4DE406298C8D6A00C4418C /* FullScreenViews.swift */,
				EB4DE3FF298C644200C4418C /* GreenButtons.swift */,
				EBC6A796298F492400090A19 /* ImageComponents.swift */,
				EB8400EF299217EB00DC57A2 /* JournalKeyboardSaveButton.swift */,
				EB8400F829945E4200DC57A2 /* PercentageChangeCapsule.swift */,
				EB4DE3F9298B728F00C4418C /* TextInputs.swift */,
				EBC6A798298F599D00090A19 /* UserRow.swift */,
				EB8400FA2994931A00DC57A2 /* SearchInput.swift */,
				EB4DE40A298C92CA00C4418C /* WhiteCards.swift */,
			);
			path = Components;
			sourceTree = "<group>";
		};
		EB4DE3F4298B71B600C4418C /* Views */ = {
			isa = PBXGroup;
			children = (
				EB4DE3EF298B353100C4418C /* Components */,
				EB4DE40C298DA3AB00C4418C /* Home */,
				EB4DE3F5298B71C100C4418C /* Onboarding */,
				EBC6A791298EF37900090A19 /* Pay */,
				EBC6A79B298F64D600090A19 /* Profile */,
			);
			path = Views;
			sourceTree = "<group>";
		};
		EB4DE3F5298B71C100C4418C /* Onboarding */ = {
			isa = PBXGroup;
			children = (
				EB4DE3F7298B71DC00C4418C /* SignIn.swift */,
				EB4DE3F2298B6E7D00C4418C /* WelcomeView.swift */,
			);
			path = Onboarding;
			sourceTree = "<group>";
		};
		EB4DE40C298DA3AB00C4418C /* Home */ = {
			isa = PBXGroup;
			children = (
				EB4DE411298E071C00C4418C /* Wallet */,
				EB4DE40D298DA3C900C4418C /* HomeView.swift */,
				EB8400F629935EE500DC57A2 /* MarketView.swift */,
			);
			path = Home;
			sourceTree = "<group>";
		};
		EB4DE411298E071C00C4418C /* Wallet */ = {
			isa = PBXGroup;
			children = (
				EB4DE412298E073400C4418C /* WalletView.swift */,
			);
			path = Wallet;
			sourceTree = "<group>";
		};
		EB8400F1299322E100DC57A2 /* Model */ = {
			isa = PBXGroup;
			children = (
				EB8400FC2994ACC800DC57A2 /* CreditCardModel.swift */,
				EB8400F2299322FB00DC57A2 /* InvoiceModel.swift */,
				EB8401002995C5C600DC57A2 /* Walletmodel.swift */,
			);
			path = Model;
			sourceTree = "<group>";
		};
		EBC6A791298EF37900090A19 /* Pay */ = {
			isa = PBXGroup;
			children = (
				EBC6A792298EF38900090A19 /* PayView.swift */,
				EB8400ED2990BC8100DC57A2 /* PayDetailView.swift */,
			);
			path = Pay;
			sourceTree = "<group>";
		};
		EBC6A79B298F64D600090A19 /* Profile */ = {
			isa = PBXGroup;
			children = (
				EBC6A79C298F64E900090A19 /* ProfileView.swift */,
			);
			path = Profile;
			sourceTree = "<group>";
		};
/* End PBXGroup section */

/* Begin PBXNativeTarget section */
		EB00B0192988A2B700D696E7 /* YoMoola */ = {
			isa = PBXNativeTarget;
			buildConfigurationList = EB00B03E2988A2B900D696E7 /* Build configuration list for PBXNativeTarget "YoMoola" */;
			buildPhases = (
				EB00B0162988A2B700D696E7 /* Sources */,
				EB00B0172988A2B700D696E7 /* Frameworks */,
				EB00B0182988A2B700D696E7 /* Resources */,
			);
			buildRules = (
			);
			dependencies = (
			);
			name = YoMoola;
			packageProductDependencies = (
				EB8401242995E1CE00DC57A2 /* CodeScanner */,
			);
			productName = YoMoola;
			productReference = EB00B01A2988A2B700D696E7 /* YoMoola.app */;
			productType = "com.apple.product-type.application";
		};
		EB00B0292988A2B900D696E7 /* YoMoolaTests */ = {
			isa = PBXNativeTarget;
			buildConfigurationList = EB00B0412988A2B900D696E7 /* Build configuration list for PBXNativeTarget "YoMoolaTests" */;
			buildPhases = (
				EB00B0262988A2B900D696E7 /* Sources */,
				EB00B0272988A2B900D696E7 /* Frameworks */,
				EB00B0282988A2B900D696E7 /* Resources */,
			);
			buildRules = (
			);
			dependencies = (
				EB00B02C2988A2B900D696E7 /* PBXTargetDependency */,
			);
			name = YoMoolaTests;
			productName = YoMoolaTests;
			productReference = EB00B02A2988A2B900D696E7 /* YoMoolaTests.xctest */;
			productType = "com.apple.product-type.bundle.unit-test";
		};
		EB00B0332988A2B900D696E7 /* YoMoolaUITests */ = {
			isa = PBXNativeTarget;
			buildConfigurationList = EB00B0442988A2B900D696E7 /* Build configuration list for PBXNativeTarget "YoMoolaUITests" */;
			buildPhases = (
				EB00B0302988A2B900D696E7 /* Sources */,
				EB00B0312988A2B900D696E7 /* Frameworks */,
				EB00B0322988A2B900D696E7 /* Resources */,
			);
			buildRules = (
			);
			dependencies = (
				EB00B0362988A2B900D696E7 /* PBXTargetDependency */,
			);
			name = YoMoolaUITests;
			productName = YoMoolaUITests;
			productReference = EB00B0342988A2B900D696E7 /* YoMoolaUITests.xctest */;
			productType = "com.apple.product-type.bundle.ui-testing";
		};
/* End PBXNativeTarget section */

/* Begin PBXProject section */
		EB00B0122988A2B700D696E7 /* Project object */ = {
			isa = PBXProject;
			attributes = {
				BuildIndependentTargetsInParallel = 1;
				LastSwiftUpdateCheck = 1420;
				LastUpgradeCheck = 1420;
				TargetAttributes = {
					EB00B0192988A2B700D696E7 = {
						CreatedOnToolsVersion = 14.2;
					};
					EB00B0292988A2B900D696E7 = {
						CreatedOnToolsVersion = 14.2;
						TestTargetID = EB00B0192988A2B700D696E7;
					};
					EB00B0332988A2B900D696E7 = {
						CreatedOnToolsVersion = 14.2;
						TestTargetID = EB00B0192988A2B700D696E7;
					};
				};
			};
			buildConfigurationList = EB00B0152988A2B700D696E7 /* Build configuration list for PBXProject "YoMoola" */;
			compatibilityVersion = "Xcode 14.0";
			developmentRegion = en;
			hasScannedForEncodings = 0;
			knownRegions = (
				en,
				Base,
			);
			mainGroup = EB00B0112988A2B700D696E7;
			packageReferences = (
				EB8401232995E1CE00DC57A2 /* XCRemoteSwiftPackageReference "CodeScanner" */,
			);
			productRefGroup = EB00B01B2988A2B700D696E7 /* Products */;
			projectDirPath = "";
			projectRoot = "";
			targets = (
				EB00B0192988A2B700D696E7 /* YoMoola */,
				EB00B0292988A2B900D696E7 /* YoMoolaTests */,
				EB00B0332988A2B900D696E7 /* YoMoolaUITests */,
			);
		};
/* End PBXProject section */

/* Begin PBXResourcesBuildPhase section */
		EB00B0182988A2B700D696E7 /* Resources */ = {
			isa = PBXResourcesBuildPhase;
			buildActionMask = 2147483647;
			files = (
				EB4DE405298C655000C4418C /* README.md in Resources */,
				EB4DE415298E269E00C4418C /* Assets.xcassets in Resources */,
				EB00B0252988A2B800D696E7 /* Preview Assets.xcassets in Resources */,
			);
			runOnlyForDeploymentPostprocessing = 0;
		};
		EB00B0282988A2B900D696E7 /* Resources */ = {
			isa = PBXResourcesBuildPhase;
			buildActionMask = 2147483647;
			files = (
			);
			runOnlyForDeploymentPostprocessing = 0;
		};
		EB00B0322988A2B900D696E7 /* Resources */ = {
			isa = PBXResourcesBuildPhase;
			buildActionMask = 2147483647;
			files = (
			);
			runOnlyForDeploymentPostprocessing = 0;
		};
/* End PBXResourcesBuildPhase section */

/* Begin PBXSourcesBuildPhase section */
		EB00B0162988A2B700D696E7 /* Sources */ = {
			isa = PBXSourcesBuildPhase;
			buildActionMask = 2147483647;
			files = (
				EB4DE3F3298B6E7D00C4418C /* WelcomeView.swift in Sources */,
				EB4DE413298E073400C4418C /* WalletView.swift in Sources */,
				EB8400EE2990BC8100DC57A2 /* PayDetailView.swift in Sources */,
				EB00B0202988A2B700D696E7 /* ContentView.swift in Sources */,
				EB4DE40B298C92CA00C4418C /* WhiteCards.swift in Sources */,
				EB8401012995C5C600DC57A2 /* Walletmodel.swift in Sources */,
				EB4DE410298DBA5900C4418C /* DarkGreenButton.swift in Sources */,
				EBC6A799298F599D00090A19 /* UserRow.swift in Sources */,
				EB4DE3F8298B71DC00C4418C /* SignIn.swift in Sources */,
				EB8400FB2994931A00DC57A2 /* SearchInput.swift in Sources */,
				EBC6A797298F492400090A19 /* ImageComponents.swift in Sources */,
				EB8400F0299217EB00DC57A2 /* JournalKeyboardSaveButton.swift in Sources */,
				EB8400FF2994B11900DC57A2 /* CreditCardComponents.swift in Sources */,
				EB4DE400298C644200C4418C /* GreenButtons.swift in Sources */,
				EBC6A793298EF38900090A19 /* PayView.swift in Sources */,
				EBC6A79D298F64E900090A19 /* ProfileView.swift in Sources */,
				EB4DE40E298DA3C900C4418C /* HomeView.swift in Sources */,
				EB00B01E2988A2B700D696E7 /* YoMoolaApp.swift in Sources */,
				EB4DE3EE298B341000C4418C /* Color.swift in Sources */,
				EB4DE407298C8D6A00C4418C /* FullScreenViews.swift in Sources */,
				EB4DE3FA298B728F00C4418C /* TextInputs.swift in Sources */,
				EB8400FD2994ACC800DC57A2 /* CreditCardModel.swift in Sources */,
				EB8400F3299322FB00DC57A2 /* InvoiceModel.swift in Sources */,
				EB4DE3FC298C21EF00C4418C /* Properties.swift in Sources */,
				EB8400F729935EE500DC57A2 /* MarketView.swift in Sources */,
				EB8400F929945E4200DC57A2 /* PercentageChangeCapsule.swift in Sources */,
			);
			runOnlyForDeploymentPostprocessing = 0;
		};
		EB00B0262988A2B900D696E7 /* Sources */ = {
			isa = PBXSourcesBuildPhase;
			buildActionMask = 2147483647;
			files = (
				EB00B02F2988A2B900D696E7 /* YoMoolaTests.swift in Sources */,
			);
			runOnlyForDeploymentPostprocessing = 0;
		};
		EB00B0302988A2B900D696E7 /* Sources */ = {
			isa = PBXSourcesBuildPhase;
			buildActionMask = 2147483647;
			files = (
				EB00B0392988A2B900D696E7 /* YoMoolaUITests.swift in Sources */,
				EB00B03B2988A2B900D696E7 /* YoMoolaUITestsLaunchTests.swift in Sources */,
			);
			runOnlyForDeploymentPostprocessing = 0;
		};
/* End PBXSourcesBuildPhase section */

/* Begin PBXTargetDependency section */
		EB00B02C2988A2B900D696E7 /* PBXTargetDependency */ = {
			isa = PBXTargetDependency;
			target = EB00B0192988A2B700D696E7 /* YoMoola */;
			targetProxy = EB00B02B2988A2B900D696E7 /* PBXContainerItemProxy */;
		};
		EB00B0362988A2B900D696E7 /* PBXTargetDependency */ = {
			isa = PBXTargetDependency;
			target = EB00B0192988A2B700D696E7 /* YoMoola */;
			targetProxy = EB00B0352988A2B900D696E7 /* PBXContainerItemProxy */;
		};
/* End PBXTargetDependency section */

/* Begin XCBuildConfiguration section */
		EB00B03C2988A2B900D696E7 /* Debug */ = {
			isa = XCBuildConfiguration;
			buildSettings = {
				ALWAYS_SEARCH_USER_PATHS = NO;
				CLANG_ANALYZER_NONNULL = YES;
				CLANG_ANALYZER_NUMBER_OBJECT_CONVERSION = YES_AGGRESSIVE;
				CLANG_CXX_LANGUAGE_STANDARD = "gnu++20";
				CLANG_ENABLE_MODULES = YES;
				CLANG_ENABLE_OBJC_ARC = YES;
				CLANG_ENABLE_OBJC_WEAK = YES;
				CLANG_WARN_BLOCK_CAPTURE_AUTORELEASING = YES;
				CLANG_WARN_BOOL_CONVERSION = YES;
				CLANG_WARN_COMMA = YES;
				CLANG_WARN_CONSTANT_CONVERSION = YES;
				CLANG_WARN_DEPRECATED_OBJC_IMPLEMENTATIONS = YES;
				CLANG_WARN_DIRECT_OBJC_ISA_USAGE = YES_ERROR;
				CLANG_WARN_DOCUMENTATION_COMMENTS = YES;
				CLANG_WARN_EMPTY_BODY = YES;
				CLANG_WARN_ENUM_CONVERSION = YES;
				CLANG_WARN_INFINITE_RECURSION = YES;
				CLANG_WARN_INT_CONVERSION = YES;
				CLANG_WARN_NON_LITERAL_NULL_CONVERSION = YES;
				CLANG_WARN_OBJC_IMPLICIT_RETAIN_SELF = YES;
				CLANG_WARN_OBJC_LITERAL_CONVERSION = YES;
				CLANG_WARN_OBJC_ROOT_CLASS = YES_ERROR;
				CLANG_WARN_QUOTED_INCLUDE_IN_FRAMEWORK_HEADER = YES;
				CLANG_WARN_RANGE_LOOP_ANALYSIS = YES;
				CLANG_WARN_STRICT_PROTOTYPES = YES;
				CLANG_WARN_SUSPICIOUS_MOVE = YES;
				CLANG_WARN_UNGUARDED_AVAILABILITY = YES_AGGRESSIVE;
				CLANG_WARN_UNREACHABLE_CODE = YES;
				CLANG_WARN__DUPLICATE_METHOD_MATCH = YES;
				COPY_PHASE_STRIP = NO;
				DEBUG_INFORMATION_FORMAT = dwarf;
				ENABLE_STRICT_OBJC_MSGSEND = YES;
				ENABLE_TESTABILITY = YES;
				GCC_C_LANGUAGE_STANDARD = gnu11;
				GCC_DYNAMIC_NO_PIC = NO;
				GCC_NO_COMMON_BLOCKS = YES;
				GCC_OPTIMIZATION_LEVEL = 0;
				GCC_PREPROCESSOR_DEFINITIONS = (
					"DEBUG=1",
					"$(inherited)",
				);
				GCC_WARN_64_TO_32_BIT_CONVERSION = YES;
				GCC_WARN_ABOUT_RETURN_TYPE = YES_ERROR;
				GCC_WARN_UNDECLARED_SELECTOR = YES;
				GCC_WARN_UNINITIALIZED_AUTOS = YES_AGGRESSIVE;
				GCC_WARN_UNUSED_FUNCTION = YES;
				GCC_WARN_UNUSED_VARIABLE = YES;
				IPHONEOS_DEPLOYMENT_TARGET = 16.2;
				MTL_ENABLE_DEBUG_INFO = INCLUDE_SOURCE;
				MTL_FAST_MATH = YES;
				ONLY_ACTIVE_ARCH = YES;
				SDKROOT = iphoneos;
				SWIFT_ACTIVE_COMPILATION_CONDITIONS = DEBUG;
				SWIFT_OPTIMIZATION_LEVEL = "-Onone";
			};
			name = Debug;
		};
		EB00B03D2988A2B900D696E7 /* Release */ = {
			isa = XCBuildConfiguration;
			buildSettings = {
				ALWAYS_SEARCH_USER_PATHS = NO;
				CLANG_ANALYZER_NONNULL = YES;
				CLANG_ANALYZER_NUMBER_OBJECT_CONVERSION = YES_AGGRESSIVE;
				CLANG_CXX_LANGUAGE_STANDARD = "gnu++20";
				CLANG_ENABLE_MODULES = YES;
				CLANG_ENABLE_OBJC_ARC = YES;
				CLANG_ENABLE_OBJC_WEAK = YES;
				CLANG_WARN_BLOCK_CAPTURE_AUTORELEASING = YES;
				CLANG_WARN_BOOL_CONVERSION = YES;
				CLANG_WARN_COMMA = YES;
				CLANG_WARN_CONSTANT_CONVERSION = YES;
				CLANG_WARN_DEPRECATED_OBJC_IMPLEMENTATIONS = YES;
				CLANG_WARN_DIRECT_OBJC_ISA_USAGE = YES_ERROR;
				CLANG_WARN_DOCUMENTATION_COMMENTS = YES;
				CLANG_WARN_EMPTY_BODY = YES;
				CLANG_WARN_ENUM_CONVERSION = YES;
				CLANG_WARN_INFINITE_RECURSION = YES;
				CLANG_WARN_INT_CONVERSION = YES;
				CLANG_WARN_NON_LITERAL_NULL_CONVERSION = YES;
				CLANG_WARN_OBJC_IMPLICIT_RETAIN_SELF = YES;
				CLANG_WARN_OBJC_LITERAL_CONVERSION = YES;
				CLANG_WARN_OBJC_ROOT_CLASS = YES_ERROR;
				CLANG_WARN_QUOTED_INCLUDE_IN_FRAMEWORK_HEADER = YES;
				CLANG_WARN_RANGE_LOOP_ANALYSIS = YES;
				CLANG_WARN_STRICT_PROTOTYPES = YES;
				CLANG_WARN_SUSPICIOUS_MOVE = YES;
				CLANG_WARN_UNGUARDED_AVAILABILITY = YES_AGGRESSIVE;
				CLANG_WARN_UNREACHABLE_CODE = YES;
				CLANG_WARN__DUPLICATE_METHOD_MATCH = YES;
				COPY_PHASE_STRIP = NO;
				DEBUG_INFORMATION_FORMAT = "dwarf-with-dsym";
				ENABLE_NS_ASSERTIONS = NO;
				ENABLE_STRICT_OBJC_MSGSEND = YES;
				GCC_C_LANGUAGE_STANDARD = gnu11;
				GCC_NO_COMMON_BLOCKS = YES;
				GCC_WARN_64_TO_32_BIT_CONVERSION = YES;
				GCC_WARN_ABOUT_RETURN_TYPE = YES_ERROR;
				GCC_WARN_UNDECLARED_SELECTOR = YES;
				GCC_WARN_UNINITIALIZED_AUTOS = YES_AGGRESSIVE;
				GCC_WARN_UNUSED_FUNCTION = YES;
				GCC_WARN_UNUSED_VARIABLE = YES;
				IPHONEOS_DEPLOYMENT_TARGET = 16.2;
				MTL_ENABLE_DEBUG_INFO = NO;
				MTL_FAST_MATH = YES;
				SDKROOT = iphoneos;
				SWIFT_COMPILATION_MODE = wholemodule;
				SWIFT_OPTIMIZATION_LEVEL = "-O";
				VALIDATE_PRODUCT = YES;
			};
			name = Release;
		};
		EB00B03F2988A2B900D696E7 /* Debug */ = {
			isa = XCBuildConfiguration;
			buildSettings = {
				ASSETCATALOG_COMPILER_APPICON_NAME = AppIcon;
				ASSETCATALOG_COMPILER_GLOBAL_ACCENT_COLOR_NAME = AccentColor;
				CODE_SIGN_STYLE = Automatic;
				CURRENT_PROJECT_VERSION = 1;
				DEVELOPMENT_ASSET_PATHS = "\"YoMoola/Preview Content\"";
				DEVELOPMENT_TEAM = WL8A724JM7;
				ENABLE_PREVIEWS = YES;
				GENERATE_INFOPLIST_FILE = YES;
				INFOPLIST_FILE = YoMoola/Info.plist;
				INFOPLIST_KEY_NSCameraUsageDescription = "Camera permission needed to scan QR codes";
				INFOPLIST_KEY_UIApplicationSceneManifest_Generation = YES;
				INFOPLIST_KEY_UIApplicationSupportsIndirectInputEvents = YES;
				INFOPLIST_KEY_UISupportedInterfaceOrientations_iPad = "UIInterfaceOrientationPortrait UIInterfaceOrientationPortraitUpsideDown UIInterfaceOrientationLandscapeLeft UIInterfaceOrientationLandscapeRight";
				INFOPLIST_KEY_UISupportedInterfaceOrientations_iPhone = "UIInterfaceOrientationPortrait UIInterfaceOrientationLandscapeLeft UIInterfaceOrientationLandscapeRight";
				IPHONEOS_DEPLOYMENT_TARGET = 16.0;
				LD_RUNPATH_SEARCH_PATHS = (
					"$(inherited)",
					"@executable_path/Frameworks",
				);
				MARKETING_VERSION = 1.0;
				PRODUCT_BUNDLE_IDENTIFIER = Affrmr.io.YoMoola;
				PRODUCT_NAME = "$(TARGET_NAME)";
				SWIFT_EMIT_LOC_STRINGS = YES;
				SWIFT_VERSION = 5.0;
				TARGETED_DEVICE_FAMILY = "1,2";
			};
			name = Debug;
		};
		EB00B0402988A2B900D696E7 /* Release */ = {
			isa = XCBuildConfiguration;
			buildSettings = {
				ASSETCATALOG_COMPILER_APPICON_NAME = AppIcon;
				ASSETCATALOG_COMPILER_GLOBAL_ACCENT_COLOR_NAME = AccentColor;
				CODE_SIGN_STYLE = Automatic;
				CURRENT_PROJECT_VERSION = 1;
				DEVELOPMENT_ASSET_PATHS = "\"YoMoola/Preview Content\"";
				DEVELOPMENT_TEAM = WL8A724JM7;
				ENABLE_PREVIEWS = YES;
				GENERATE_INFOPLIST_FILE = YES;
				INFOPLIST_FILE = YoMoola/Info.plist;
				INFOPLIST_KEY_NSCameraUsageDescription = "Camera permission needed to scan QR codes";
				INFOPLIST_KEY_UIApplicationSceneManifest_Generation = YES;
				INFOPLIST_KEY_UIApplicationSupportsIndirectInputEvents = YES;
				INFOPLIST_KEY_UISupportedInterfaceOrientations_iPad = "UIInterfaceOrientationPortrait UIInterfaceOrientationPortraitUpsideDown UIInterfaceOrientationLandscapeLeft UIInterfaceOrientationLandscapeRight";
				INFOPLIST_KEY_UISupportedInterfaceOrientations_iPhone = "UIInterfaceOrientationPortrait UIInterfaceOrientationLandscapeLeft UIInterfaceOrientationLandscapeRight";
				IPHONEOS_DEPLOYMENT_TARGET = 16.0;
				LD_RUNPATH_SEARCH_PATHS = (
					"$(inherited)",
					"@executable_path/Frameworks",
				);
				MARKETING_VERSION = 1.0;
				PRODUCT_BUNDLE_IDENTIFIER = Affrmr.io.YoMoola;
				PRODUCT_NAME = "$(TARGET_NAME)";
				SWIFT_EMIT_LOC_STRINGS = YES;
				SWIFT_VERSION = 5.0;
				TARGETED_DEVICE_FAMILY = "1,2";
			};
			name = Release;
		};
		EB00B0422988A2B900D696E7 /* Debug */ = {
			isa = XCBuildConfiguration;
			buildSettings = {
				ALWAYS_EMBED_SWIFT_STANDARD_LIBRARIES = YES;
				BUNDLE_LOADER = "$(TEST_HOST)";
				CODE_SIGN_STYLE = Automatic;
				CURRENT_PROJECT_VERSION = 1;
				DEVELOPMENT_TEAM = WL8A724JM7;
				GENERATE_INFOPLIST_FILE = YES;
				IPHONEOS_DEPLOYMENT_TARGET = 16.2;
				MARKETING_VERSION = 1.0;
				PRODUCT_BUNDLE_IDENTIFIER = Affrmr.io.YoMoolaTests;
				PRODUCT_NAME = "$(TARGET_NAME)";
				SWIFT_EMIT_LOC_STRINGS = NO;
				SWIFT_VERSION = 5.0;
				TARGETED_DEVICE_FAMILY = "1,2";
				TEST_HOST = "$(BUILT_PRODUCTS_DIR)/YoMoola.app/$(BUNDLE_EXECUTABLE_FOLDER_PATH)/YoMoola";
			};
			name = Debug;
		};
		EB00B0432988A2B900D696E7 /* Release */ = {
			isa = XCBuildConfiguration;
			buildSettings = {
				ALWAYS_EMBED_SWIFT_STANDARD_LIBRARIES = YES;
				BUNDLE_LOADER = "$(TEST_HOST)";
				CODE_SIGN_STYLE = Automatic;
				CURRENT_PROJECT_VERSION = 1;
				DEVELOPMENT_TEAM = WL8A724JM7;
				GENERATE_INFOPLIST_FILE = YES;
				IPHONEOS_DEPLOYMENT_TARGET = 16.2;
				MARKETING_VERSION = 1.0;
				PRODUCT_BUNDLE_IDENTIFIER = Affrmr.io.YoMoolaTests;
				PRODUCT_NAME = "$(TARGET_NAME)";
				SWIFT_EMIT_LOC_STRINGS = NO;
				SWIFT_VERSION = 5.0;
				TARGETED_DEVICE_FAMILY = "1,2";
				TEST_HOST = "$(BUILT_PRODUCTS_DIR)/YoMoola.app/$(BUNDLE_EXECUTABLE_FOLDER_PATH)/YoMoola";
			};
			name = Release;
		};
		EB00B0452988A2B900D696E7 /* Debug */ = {
			isa = XCBuildConfiguration;
			buildSettings = {
				ALWAYS_EMBED_SWIFT_STANDARD_LIBRARIES = YES;
				CODE_SIGN_STYLE = Automatic;
				CURRENT_PROJECT_VERSION = 1;
				DEVELOPMENT_TEAM = WL8A724JM7;
				GENERATE_INFOPLIST_FILE = YES;
				MARKETING_VERSION = 1.0;
				PRODUCT_BUNDLE_IDENTIFIER = Affrmr.io.YoMoolaUITests;
				PRODUCT_NAME = "$(TARGET_NAME)";
				SWIFT_EMIT_LOC_STRINGS = NO;
				SWIFT_VERSION = 5.0;
				TARGETED_DEVICE_FAMILY = "1,2";
				TEST_TARGET_NAME = YoMoola;
			};
			name = Debug;
		};
		EB00B0462988A2B900D696E7 /* Release */ = {
			isa = XCBuildConfiguration;
			buildSettings = {
				ALWAYS_EMBED_SWIFT_STANDARD_LIBRARIES = YES;
				CODE_SIGN_STYLE = Automatic;
				CURRENT_PROJECT_VERSION = 1;
				DEVELOPMENT_TEAM = WL8A724JM7;
				GENERATE_INFOPLIST_FILE = YES;
				MARKETING_VERSION = 1.0;
				PRODUCT_BUNDLE_IDENTIFIER = Affrmr.io.YoMoolaUITests;
				PRODUCT_NAME = "$(TARGET_NAME)";
				SWIFT_EMIT_LOC_STRINGS = NO;
				SWIFT_VERSION = 5.0;
				TARGETED_DEVICE_FAMILY = "1,2";
				TEST_TARGET_NAME = YoMoola;
			};
			name = Release;
		};
/* End XCBuildConfiguration section */

/* Begin XCConfigurationList section */
		EB00B0152988A2B700D696E7 /* Build configuration list for PBXProject "YoMoola" */ = {
			isa = XCConfigurationList;
			buildConfigurations = (
				EB00B03C2988A2B900D696E7 /* Debug */,
				EB00B03D2988A2B900D696E7 /* Release */,
			);
			defaultConfigurationIsVisible = 0;
			defaultConfigurationName = Release;
		};
		EB00B03E2988A2B900D696E7 /* Build configuration list for PBXNativeTarget "YoMoola" */ = {
			isa = XCConfigurationList;
			buildConfigurations = (
				EB00B03F2988A2B900D696E7 /* Debug */,
				EB00B0402988A2B900D696E7 /* Release */,
			);
			defaultConfigurationIsVisible = 0;
			defaultConfigurationName = Release;
		};
		EB00B0412988A2B900D696E7 /* Build configuration list for PBXNativeTarget "YoMoolaTests" */ = {
			isa = XCConfigurationList;
			buildConfigurations = (
				EB00B0422988A2B900D696E7 /* Debug */,
				EB00B0432988A2B900D696E7 /* Release */,
			);
			defaultConfigurationIsVisible = 0;
			defaultConfigurationName = Release;
		};
		EB00B0442988A2B900D696E7 /* Build configuration list for PBXNativeTarget "YoMoolaUITests" */ = {
			isa = XCConfigurationList;
			buildConfigurations = (
				EB00B0452988A2B900D696E7 /* Debug */,
				EB00B0462988A2B900D696E7 /* Release */,
			);
			defaultConfigurationIsVisible = 0;
			defaultConfigurationName = Release;
		};
/* End XCConfigurationList section */

/* Begin XCRemoteSwiftPackageReference section */
		EB8401232995E1CE00DC57A2 /* XCRemoteSwiftPackageReference "CodeScanner" */ = {
			isa = XCRemoteSwiftPackageReference;
			repositoryURL = "https://github.com/twostraws/CodeScanner";
			requirement = {
				kind = upToNextMajorVersion;
				minimumVersion = 2.0.0;
			};
		};
/* End XCRemoteSwiftPackageReference section */

/* Begin XCSwiftPackageProductDependency section */
		EB8401242995E1CE00DC57A2 /* CodeScanner */ = {
			isa = XCSwiftPackageProductDependency;
			package = EB8401232995E1CE00DC57A2 /* XCRemoteSwiftPackageReference "CodeScanner" */;
			productName = CodeScanner;
		};
/* End XCSwiftPackageProductDependency section */
	};
	rootObject = EB00B0122988A2B700D696E7 /* Project object */;
}
