// !$*UTF8*$!
{
	archiveVersion = 1;
	classes = {
	};
	objectVersion = 56;
	objects = {

/* Begin PBXBuildFile section */
		EB00B01E2988A2B700D696E7 /* YoMoolaApp.swift in Sources */ = {isa = PBXBuildFile; fileRef = EB00B01D2988A2B700D696E7 /* YoMoolaApp.swift */; };
		EB00B0202988A2B700D696E7 /* ContentView.swift in Sources */ = {isa = PBXBuildFile; fileRef = EB00B01F2988A2B700D696E7 /* ContentView.swift */; };
		EB00B0222988A2B800D696E7 /* Assets.xcassets in Resources */ = {isa = PBXBuildFile; fileRef = EB00B0212988A2B800D696E7 /* Assets.xcassets */; };
		EB00B0252988A2B800D696E7 /* Preview Assets.xcassets in Resources */ = {isa = PBXBuildFile; fileRef = EB00B0242988A2B800D696E7 /* Preview Assets.xcassets */; };
		EB00B02F2988A2B900D696E7 /* YoMoolaTests.swift in Sources */ = {isa = PBXBuildFile; fileRef = EB00B02E2988A2B900D696E7 /* YoMoolaTests.swift */; };
		EB00B0392988A2B900D696E7 /* YoMoolaUITests.swift in Sources */ = {isa = PBXBuildFile; fileRef = EB00B0382988A2B900D696E7 /* YoMoolaUITests.swift */; };
		EB00B03B2988A2B900D696E7 /* YoMoolaUITestsLaunchTests.swift in Sources */ = {isa = PBXBuildFile; fileRef = EB00B03A2988A2B900D696E7 /* YoMoolaUITestsLaunchTests.swift */; };
/* End PBXBuildFile section */

/* Begin PBXContainerItemProxy section */
		EB00B02B2988A2B900D696E7 /* PBXContainerItemProxy */ = {
			isa = PBXContainerItemProxy;
			containerPortal = EB00B0122988A2B700D696E7 /* Project object */;
			proxyType = 1;
			remoteGlobalIDString = EB00B0192988A2B700D696E7;
			remoteInfo = YoMoola;
		};
		EB00B0352988A2B900D696E7 /* PBXContainerItemProxy */ = {
			isa = PBXContainerItemProxy;
			containerPortal = EB00B0122988A2B700D696E7 /* Project object */;
			proxyType = 1;
			remoteGlobalIDString = EB00B0192988A2B700D696E7;
			remoteInfo = YoMoola;
		};
/* End PBXContainerItemProxy section */

/* Begin PBXFileReference section */
		EB00B01A2988A2B700D696E7 /* YoMoola.app */ = {isa = PBXFileReference; explicitFileType = wrapper.application; includeInIndex = 0; path = YoMoola.app; sourceTree = BUILT_PRODUCTS_DIR; };
		EB00B01D2988A2B700D696E7 /* YoMoolaApp.swift */ = {isa = PBXFileReference; lastKnownFileType = sourcecode.swift; path = YoMoolaApp.swift; sourceTree = "<group>"; };
		EB00B01F2988A2B700D696E7 /* ContentView.swift */ = {isa = PBXFileReference; lastKnownFileType = sourcecode.swift; path = ContentView.swift; sourceTree = "<group>"; };
		EB00B0212988A2B800D696E7 /* Assets.xcassets */ = {isa = PBXFileReference; lastKnownFileType = folder.assetcatalog; path = Assets.xcassets; sourceTree = "<group>"; };
		EB00B0242988A2B800D696E7 /* Preview Assets.xcassets */ = {isa = PBXFileReference; lastKnownFileType = folder.assetcatalog; path = "Preview Assets.xcassets"; sourceTree = "<group>"; };
		EB00B02A2988A2B900D696E7 /* YoMoolaTests.xctest */ = {isa = PBXFileReference; explicitFileType = wrapper.cfbundle; includeInIndex = 0; path = YoMoolaTests.xctest; sourceTree = BUILT_PRODUCTS_DIR; };
		EB00B02E2988A2B900D696E7 /* YoMoolaTests.swift */ = {isa = PBXFileReference; lastKnownFileType = sourcecode.swift; path = YoMoolaTests.swift; sourceTree = "<group>"; };
		EB00B0342988A2B900D696E7 /* YoMoolaUITests.xctest */ = {isa = PBXFileReference; explicitFileType = wrapper.cfbundle; includeInIndex = 0; path = YoMoolaUITests.xctest; sourceTree = BUILT_PRODUCTS_DIR; };
		EB00B0382988A2B900D696E7 /* YoMoolaUITests.swift */ = {isa = PBXFileReference; lastKnownFileType = sourcecode.swift; path = YoMoolaUITests.swift; sourceTree = "<group>"; };
		EB00B03A2988A2B900D696E7 /* YoMoolaUITestsLaunchTests.swift */ = {isa = PBXFileReference; lastKnownFileType = sourcecode.swift; path = YoMoolaUITestsLaunchTests.swift; sourceTree = "<group>"; };
/* End PBXFileReference section */

/* Begin PBXFrameworksBuildPhase section */
		EB00B0172988A2B700D696E7 /* Frameworks */ = {
			isa = PBXFrameworksBuildPhase;
			buildActionMask = 2147483647;
			files = (
			);
			runOnlyForDeploymentPostprocessing = 0;
		};
		EB00B0272988A2B900D696E7 /* Frameworks */ = {
			isa = PBXFrameworksBuildPhase;
			buildActionMask = 2147483647;
			files = (
			);
			runOnlyForDeploymentPostprocessing = 0;
		};
		EB00B0312988A2B900D696E7 /* Frameworks */ = {
			isa = PBXFrameworksBuildPhase;
			buildActionMask = 2147483647;
			files = (
			);
			runOnlyForDeploymentPostprocessing = 0;
		};
/* End PBXFrameworksBuildPhase section */

/* Begin PBXGroup section */
		EB00B0112988A2B700D696E7 = {
			isa = PBXGroup;
			children = (
				EB00B01C2988A2B700D696E7 /* YoMoola */,
				EB00B02D2988A2B900D696E7 /* YoMoolaTests */,
				EB00B0372988A2B900D696E7 /* YoMoolaUITests */,
				EB00B01B2988A2B700D696E7 /* Products */,
			);
			sourceTree = "<group>";
		};
		EB00B01B2988A2B700D696E7 /* Products */ = {
			isa = PBXGroup;
			children = (
				EB00B01A2988A2B700D696E7 /* YoMoola.app */,
				EB00B02A2988A2B900D696E7 /* YoMoolaTests.xctest */,
				EB00B0342988A2B900D696E7 /* YoMoolaUITests.xctest */,
			);
			name = Products;
			sourceTree = "<group>";
		};
		EB00B01C2988A2B700D696E7 /* YoMoola */ = {
			isa = PBXGroup;
			children = (
				EB00B01D2988A2B700D696E7 /* YoMoolaApp.swift */,
				EB00B01F2988A2B700D696E7 /* ContentView.swift */,
				EB00B0212988A2B800D696E7 /* Assets.xcassets */,
				EB00B0232988A2B800D696E7 /* Preview Content */,
			);
			path = YoMoola;
			sourceTree = "<group>";
		};
		EB00B0232988A2B800D696E7 /* Preview Content */ = {
			isa = PBXGroup;
			children = (
				EB00B0242988A2B800D696E7 /* Preview Assets.xcassets */,
			);
			path = "Preview Content";
			sourceTree = "<group>";
		};
		EB00B02D2988A2B900D696E7 /* YoMoolaTests */ = {
			isa = PBXGroup;
			children = (
				EB00B02E2988A2B900D696E7 /* YoMoolaTests.swift */,
			);
			path = YoMoolaTests;
			sourceTree = "<group>";
		};
		EB00B0372988A2B900D696E7 /* YoMoolaUITests */ = {
			isa = PBXGroup;
			children = (
				EB00B0382988A2B900D696E7 /* YoMoolaUITests.swift */,
				EB00B03A2988A2B900D696E7 /* YoMoolaUITestsLaunchTests.swift */,
			);
			path = YoMoolaUITests;
			sourceTree = "<group>";
		};
/* End PBXGroup section */

/* Begin PBXNativeTarget section */
		EB00B0192988A2B700D696E7 /* YoMoola */ = {
			isa = PBXNativeTarget;
			buildConfigurationList = EB00B03E2988A2B900D696E7 /* Build configuration list for PBXNativeTarget "YoMoola" */;
			buildPhases = (
				EB00B0162988A2B700D696E7 /* Sources */,
				EB00B0172988A2B700D696E7 /* Frameworks */,
				EB00B0182988A2B700D696E7 /* Resources */,
			);
			buildRules = (
			);
			dependencies = (
			);
			name = YoMoola;
			productName = YoMoola;
			productReference = EB00B01A2988A2B700D696E7 /* YoMoola.app */;
			productType = "com.apple.product-type.application";
		};
		EB00B0292988A2B900D696E7 /* YoMoolaTests */ = {
			isa = PBXNativeTarget;
			buildConfigurationList = EB00B0412988A2B900D696E7 /* Build configuration list for PBXNativeTarget "YoMoolaTests" */;
			buildPhases = (
				EB00B0262988A2B900D696E7 /* Sources */,
				EB00B0272988A2B900D696E7 /* Frameworks */,
				EB00B0282988A2B900D696E7 /* Resources */,
			);
			buildRules = (
			);
			dependencies = (
				EB00B02C2988A2B900D696E7 /* PBXTargetDependency */,
			);
			name = YoMoolaTests;
			productName = YoMoolaTests;
			productReference = EB00B02A2988A2B900D696E7 /* YoMoolaTests.xctest */;
			productType = "com.apple.product-type.bundle.unit-test";
		};
		EB00B0332988A2B900D696E7 /* YoMoolaUITests */ = {
			isa = PBXNativeTarget;
			buildConfigurationList = EB00B0442988A2B900D696E7 /* Build configuration list for PBXNativeTarget "YoMoolaUITests" */;
			buildPhases = (
				EB00B0302988A2B900D696E7 /* Sources */,
				EB00B0312988A2B900D696E7 /* Frameworks */,
				EB00B0322988A2B900D696E7 /* Resources */,
			);
			buildRules = (
			);
			dependencies = (
				EB00B0362988A2B900D696E7 /* PBXTargetDependency */,
			);
			name = YoMoolaUITests;
			productName = YoMoolaUITests;
			productReference = EB00B0342988A2B900D696E7 /* YoMoolaUITests.xctest */;
			productType = "com.apple.product-type.bundle.ui-testing";
		};
/* End PBXNativeTarget section */

/* Begin PBXProject section */
		EB00B0122988A2B700D696E7 /* Project object */ = {
			isa = PBXProject;
			attributes = {
				BuildIndependentTargetsInParallel = 1;
				LastSwiftUpdateCheck = 1420;
				LastUpgradeCheck = 1420;
				TargetAttributes = {
					EB00B0192988A2B700D696E7 = {
						CreatedOnToolsVersion = 14.2;
					};
					EB00B0292988A2B900D696E7 = {
						CreatedOnToolsVersion = 14.2;
						TestTargetID = EB00B0192988A2B700D696E7;
					};
					EB00B0332988A2B900D696E7 = {
						CreatedOnToolsVersion = 14.2;
						TestTargetID = EB00B0192988A2B700D696E7;
					};
				};
			};
			buildConfigurationList = EB00B0152988A2B700D696E7 /* Build configuration list for PBXProject "YoMoola" */;
			compatibilityVersion = "Xcode 14.0";
			developmentRegion = en;
			hasScannedForEncodings = 0;
			knownRegions = (
				en,
				Base,
			);
			mainGroup = EB00B0112988A2B700D696E7;
			productRefGroup = EB00B01B2988A2B700D696E7 /* Products */;
			projectDirPath = "";
			projectRoot = "";
			targets = (
				EB00B0192988A2B700D696E7 /* YoMoola */,
				EB00B0292988A2B900D696E7 /* YoMoolaTests */,
				EB00B0332988A2B900D696E7 /* YoMoolaUITests */,
			);
		};
/* End PBXProject section */

/* Begin PBXResourcesBuildPhase section */
		EB00B0182988A2B700D696E7 /* Resources */ = {
			isa = PBXResourcesBuildPhase;
			buildActionMask = 2147483647;
			files = (
				EB00B0252988A2B800D696E7 /* Preview Assets.xcassets in Resources */,
				EB00B0222988A2B800D696E7 /* Assets.xcassets in Resources */,
			);
			runOnlyForDeploymentPostprocessing = 0;
		};
		EB00B0282988A2B900D696E7 /* Resources */ = {
			isa = PBXResourcesBuildPhase;
			buildActionMask = 2147483647;
			files = (
			);
			runOnlyForDeploymentPostprocessing = 0;
		};
		EB00B0322988A2B900D696E7 /* Resources */ = {
			isa = PBXResourcesBuildPhase;
			buildActionMask = 2147483647;
			files = (
			);
			runOnlyForDeploymentPostprocessing = 0;
		};
/* End PBXResourcesBuildPhase section */

/* Begin PBXSourcesBuildPhase section */
		EB00B0162988A2B700D696E7 /* Sources */ = {
			isa = PBXSourcesBuildPhase;
			buildActionMask = 2147483647;
			files = (
				EB00B0202988A2B700D696E7 /* ContentView.swift in Sources */,
				EB00B01E2988A2B700D696E7 /* YoMoolaApp.swift in Sources */,
			);
			runOnlyForDeploymentPostprocessing = 0;
		};
		EB00B0262988A2B900D696E7 /* Sources */ = {
			isa = PBXSourcesBuildPhase;
			buildActionMask = 2147483647;
			files = (
				EB00B02F2988A2B900D696E7 /* YoMoolaTests.swift in Sources */,
			);
			runOnlyForDeploymentPostprocessing = 0;
		};
		EB00B0302988A2B900D696E7 /* Sources */ = {
			isa = PBXSourcesBuildPhase;
			buildActionMask = 2147483647;
			files = (
				EB00B0392988A2B900D696E7 /* YoMoolaUITests.swift in Sources */,
				EB00B03B2988A2B900D696E7 /* YoMoolaUITestsLaunchTests.swift in Sources */,
			);
			runOnlyForDeploymentPostprocessing = 0;
		};
/* End PBXSourcesBuildPhase section */

/* Begin PBXTargetDependency section */
		EB00B02C2988A2B900D696E7 /* PBXTargetDependency */ = {
			isa = PBXTargetDependency;
			target = EB00B0192988A2B700D696E7 /* YoMoola */;
			targetProxy = EB00B02B2988A2B900D696E7 /* PBXContainerItemProxy */;
		};
		EB00B0362988A2B900D696E7 /* PBXTargetDependency */ = {
			isa = PBXTargetDependency;
			target = EB00B0192988A2B700D696E7 /* YoMoola */;
			targetProxy = EB00B0352988A2B900D696E7 /* PBXContainerItemProxy */;
		};
/* End PBXTargetDependency section */

/* Begin XCBuildConfiguration section */
		EB00B03C2988A2B900D696E7 /* Debug */ = {
			isa = XCBuildConfiguration;
			buildSettings = {
				ALWAYS_SEARCH_USER_PATHS = NO;
				CLANG_ANALYZER_NONNULL = YES;
				CLANG_ANALYZER_NUMBER_OBJECT_CONVERSION = YES_AGGRESSIVE;
				CLANG_CXX_LANGUAGE_STANDARD = "gnu++20";
				CLANG_ENABLE_MODULES = YES;
				CLANG_ENABLE_OBJC_ARC = YES;
				CLANG_ENABLE_OBJC_WEAK = YES;
				CLANG_WARN_BLOCK_CAPTURE_AUTORELEASING = YES;
				CLANG_WARN_BOOL_CONVERSION = YES;
				CLANG_WARN_COMMA = YES;
				CLANG_WARN_CONSTANT_CONVERSION = YES;
				CLANG_WARN_DEPRECATED_OBJC_IMPLEMENTATIONS = YES;
				CLANG_WARN_DIRECT_OBJC_ISA_USAGE = YES_ERROR;
				CLANG_WARN_DOCUMENTATION_COMMENTS = YES;
				CLANG_WARN_EMPTY_BODY = YES;
				CLANG_WARN_ENUM_CONVERSION = YES;
				CLANG_WARN_INFINITE_RECURSION = YES;
				CLANG_WARN_INT_CONVERSION = YES;
				CLANG_WARN_NON_LITERAL_NULL_CONVERSION = YES;
				CLANG_WARN_OBJC_IMPLICIT_RETAIN_SELF = YES;
				CLANG_WARN_OBJC_LITERAL_CONVERSION = YES;
				CLANG_WARN_OBJC_ROOT_CLASS = YES_ERROR;
				CLANG_WARN_QUOTED_INCLUDE_IN_FRAMEWORK_HEADER = YES;
				CLANG_WARN_RANGE_LOOP_ANALYSIS = YES;
				CLANG_WARN_STRICT_PROTOTYPES = YES;
				CLANG_WARN_SUSPICIOUS_MOVE = YES;
				CLANG_WARN_UNGUARDED_AVAILABILITY = YES_AGGRESSIVE;
				CLANG_WARN_UNREACHABLE_CODE = YES;
				CLANG_WARN__DUPLICATE_METHOD_MATCH = YES;
				COPY_PHASE_STRIP = NO;
				DEBUG_INFORMATION_FORMAT = dwarf;
				ENABLE_STRICT_OBJC_MSGSEND = YES;
				ENABLE_TESTABILITY = YES;
				GCC_C_LANGUAGE_STANDARD = gnu11;
				GCC_DYNAMIC_NO_PIC = NO;
				GCC_NO_COMMON_BLOCKS = YES;
				GCC_OPTIMIZATION_LEVEL = 0;
				GCC_PREPROCESSOR_DEFINITIONS = (
					"DEBUG=1",
					"$(inherited)",
				);
				GCC_WARN_64_TO_32_BIT_CONVERSION = YES;
				GCC_WARN_ABOUT_RETURN_TYPE = YES_ERROR;
				GCC_WARN_UNDECLARED_SELECTOR = YES;
				GCC_WARN_UNINITIALIZED_AUTOS = YES_AGGRESSIVE;
				GCC_WARN_UNUSED_FUNCTION = YES;
				GCC_WARN_UNUSED_VARIABLE = YES;
				IPHONEOS_DEPLOYMENT_TARGET = 16.2;
				MTL_ENABLE_DEBUG_INFO = INCLUDE_SOURCE;
				MTL_FAST_MATH = YES;
				ONLY_ACTIVE_ARCH = YES;
				SDKROOT = iphoneos;
				SWIFT_ACTIVE_COMPILATION_CONDITIONS = DEBUG;
				SWIFT_OPTIMIZATION_LEVEL = "-Onone";
			};
			name = Debug;
		};
		EB00B03D2988A2B900D696E7 /* Release */ = {
			isa = XCBuildConfiguration;
			buildSettings = {
				ALWAYS_SEARCH_USER_PATHS = NO;
				CLANG_ANALYZER_NONNULL = YES;
				CLANG_ANALYZER_NUMBER_OBJECT_CONVERSION = YES_AGGRESSIVE;
				CLANG_CXX_LANGUAGE_STANDARD = "gnu++20";
				CLANG_ENABLE_MODULES = YES;
				CLANG_ENABLE_OBJC_ARC = YES;
				CLANG_ENABLE_OBJC_WEAK = YES;
				CLANG_WARN_BLOCK_CAPTURE_AUTORELEASING = YES;
				CLANG_WARN_BOOL_CONVERSION = YES;
				CLANG_WARN_COMMA = YES;
				CLANG_WARN_CONSTANT_CONVERSION = YES;
				CLANG_WARN_DEPRECATED_OBJC_IMPLEMENTATIONS = YES;
				CLANG_WARN_DIRECT_OBJC_ISA_USAGE = YES_ERROR;
				CLANG_WARN_DOCUMENTATION_COMMENTS = YES;
				CLANG_WARN_EMPTY_BODY = YES;
				CLANG_WARN_ENUM_CONVERSION = YES;
				CLANG_WARN_INFINITE_RECURSION = YES;
				CLANG_WARN_INT_CONVERSION = YES;
				CLANG_WARN_NON_LITERAL_NULL_CONVERSION = YES;
				CLANG_WARN_OBJC_IMPLICIT_RETAIN_SELF = YES;
				CLANG_WARN_OBJC_LITERAL_CONVERSION = YES;
				CLANG_WARN_OBJC_ROOT_CLASS = YES_ERROR;
				CLANG_WARN_QUOTED_INCLUDE_IN_FRAMEWORK_HEADER = YES;
				CLANG_WARN_RANGE_LOOP_ANALYSIS = YES;
				CLANG_WARN_STRICT_PROTOTYPES = YES;
				CLANG_WARN_SUSPICIOUS_MOVE = YES;
				CLANG_WARN_UNGUARDED_AVAILABILITY = YES_AGGRESSIVE;
				CLANG_WARN_UNREACHABLE_CODE = YES;
				CLANG_WARN__DUPLICATE_METHOD_MATCH = YES;
				COPY_PHASE_STRIP = NO;
				DEBUG_INFORMATION_FORMAT = "dwarf-with-dsym";
				ENABLE_NS_ASSERTIONS = NO;
				ENABLE_STRICT_OBJC_MSGSEND = YES;
				GCC_C_LANGUAGE_STANDARD = gnu11;
				GCC_NO_COMMON_BLOCKS = YES;
				GCC_WARN_64_TO_32_BIT_CONVERSION = YES;
				GCC_WARN_ABOUT_RETURN_TYPE = YES_ERROR;
				GCC_WARN_UNDECLARED_SELECTOR = YES;
				GCC_WARN_UNINITIALIZED_AUTOS = YES_AGGRESSIVE;
				GCC_WARN_UNUSED_FUNCTION = YES;
				GCC_WARN_UNUSED_VARIABLE = YES;
				IPHONEOS_DEPLOYMENT_TARGET = 16.2;
				MTL_ENABLE_DEBUG_INFO = NO;
				MTL_FAST_MATH = YES;
				SDKROOT = iphoneos;
				SWIFT_COMPILATION_MODE = wholemodule;
				SWIFT_OPTIMIZATION_LEVEL = "-O";
				VALIDATE_PRODUCT = YES;
			};
			name = Release;
		};
		EB00B03F2988A2B900D696E7 /* Debug */ = {
			isa = XCBuildConfiguration;
			buildSettings = {
				ASSETCATALOG_COMPILER_APPICON_NAME = AppIcon;
				ASSETCATALOG_COMPILER_GLOBAL_ACCENT_COLOR_NAME = AccentColor;
				CODE_SIGN_STYLE = Automatic;
				CURRENT_PROJECT_VERSION = 1;
				DEVELOPMENT_ASSET_PATHS = "\"YoMoola/Preview Content\"";
				DEVELOPMENT_TEAM = WL8A724JM7;
				ENABLE_PREVIEWS = YES;
				GENERATE_INFOPLIST_FILE = YES;
				INFOPLIST_KEY_UIApplicationSceneManifest_Generation = YES;
				INFOPLIST_KEY_UIApplicationSupportsIndirectInputEvents = YES;
				INFOPLIST_KEY_UILaunchScreen_Generation = YES;
				INFOPLIST_KEY_UISupportedInterfaceOrientations_iPad = "UIInterfaceOrientationPortrait UIInterfaceOrientationPortraitUpsideDown UIInterfaceOrientationLandscapeLeft UIInterfaceOrientationLandscapeRight";
				INFOPLIST_KEY_UISupportedInterfaceOrientations_iPhone = "UIInterfaceOrientationPortrait UIInterfaceOrientationLandscapeLeft UIInterfaceOrientationLandscapeRight";
				LD_RUNPATH_SEARCH_PATHS = (
					"$(inherited)",
					"@executable_path/Frameworks",
				);
				MARKETING_VERSION = 1.0;
				PRODUCT_BUNDLE_IDENTIFIER = Affrmr.io.YoMoola;
				PRODUCT_NAME = "$(TARGET_NAME)";
				SWIFT_EMIT_LOC_STRINGS = YES;
				SWIFT_VERSION = 5.0;
				TARGETED_DEVICE_FAMILY = "1,2";
			};
			name = Debug;
		};
		EB00B0402988A2B900D696E7 /* Release */ = {
			isa = XCBuildConfiguration;
			buildSettings = {
				ASSETCATALOG_COMPILER_APPICON_NAME = AppIcon;
				ASSETCATALOG_COMPILER_GLOBAL_ACCENT_COLOR_NAME = AccentColor;
				CODE_SIGN_STYLE = Automatic;
				CURRENT_PROJECT_VERSION = 1;
				DEVELOPMENT_ASSET_PATHS = "\"YoMoola/Preview Content\"";
				DEVELOPMENT_TEAM = WL8A724JM7;
				ENABLE_PREVIEWS = YES;
				GENERATE_INFOPLIST_FILE = YES;
				INFOPLIST_KEY_UIApplicationSceneManifest_Generation = YES;
				INFOPLIST_KEY_UIApplicationSupportsIndirectInputEvents = YES;
				INFOPLIST_KEY_UILaunchScreen_Generation = YES;
				INFOPLIST_KEY_UISupportedInterfaceOrientations_iPad = "UIInterfaceOrientationPortrait UIInterfaceOrientationPortraitUpsideDown UIInterfaceOrientationLandscapeLeft UIInterfaceOrientationLandscapeRight";
				INFOPLIST_KEY_UISupportedInterfaceOrientations_iPhone = "UIInterfaceOrientationPortrait UIInterfaceOrientationLandscapeLeft UIInterfaceOrientationLandscapeRight";
				LD_RUNPATH_SEARCH_PATHS = (
					"$(inherited)",
					"@executable_path/Frameworks",
				);
				MARKETING_VERSION = 1.0;
				PRODUCT_BUNDLE_IDENTIFIER = Affrmr.io.YoMoola;
				PRODUCT_NAME = "$(TARGET_NAME)";
				SWIFT_EMIT_LOC_STRINGS = YES;
				SWIFT_VERSION = 5.0;
				TARGETED_DEVICE_FAMILY = "1,2";
			};
			name = Release;
		};
		EB00B0422988A2B900D696E7 /* Debug */ = {
			isa = XCBuildConfiguration;
			buildSettings = {
				ALWAYS_EMBED_SWIFT_STANDARD_LIBRARIES = YES;
				BUNDLE_LOADER = "$(TEST_HOST)";
				CODE_SIGN_STYLE = Automatic;
				CURRENT_PROJECT_VERSION = 1;
				DEVELOPMENT_TEAM = WL8A724JM7;
				GENERATE_INFOPLIST_FILE = YES;
				IPHONEOS_DEPLOYMENT_TARGET = 16.2;
				MARKETING_VERSION = 1.0;
				PRODUCT_BUNDLE_IDENTIFIER = Affrmr.io.YoMoolaTests;
				PRODUCT_NAME = "$(TARGET_NAME)";
				SWIFT_EMIT_LOC_STRINGS = NO;
				SWIFT_VERSION = 5.0;
				TARGETED_DEVICE_FAMILY = "1,2";
				TEST_HOST = "$(BUILT_PRODUCTS_DIR)/YoMoola.app/$(BUNDLE_EXECUTABLE_FOLDER_PATH)/YoMoola";
			};
			name = Debug;
		};
		EB00B0432988A2B900D696E7 /* Release */ = {
			isa = XCBuildConfiguration;
			buildSettings = {
				ALWAYS_EMBED_SWIFT_STANDARD_LIBRARIES = YES;
				BUNDLE_LOADER = "$(TEST_HOST)";
				CODE_SIGN_STYLE = Automatic;
				CURRENT_PROJECT_VERSION = 1;
				DEVELOPMENT_TEAM = WL8A724JM7;
				GENERATE_INFOPLIST_FILE = YES;
				IPHONEOS_DEPLOYMENT_TARGET = 16.2;
				MARKETING_VERSION = 1.0;
				PRODUCT_BUNDLE_IDENTIFIER = Affrmr.io.YoMoolaTests;
				PRODUCT_NAME = "$(TARGET_NAME)";
				SWIFT_EMIT_LOC_STRINGS = NO;
				SWIFT_VERSION = 5.0;
				TARGETED_DEVICE_FAMILY = "1,2";
				TEST_HOST = "$(BUILT_PRODUCTS_DIR)/YoMoola.app/$(BUNDLE_EXECUTABLE_FOLDER_PATH)/YoMoola";
			};
			name = Release;
		};
		EB00B0452988A2B900D696E7 /* Debug */ = {
			isa = XCBuildConfiguration;
			buildSettings = {
				ALWAYS_EMBED_SWIFT_STANDARD_LIBRARIES = YES;
				CODE_SIGN_STYLE = Automatic;
				CURRENT_PROJECT_VERSION = 1;
				DEVELOPMENT_TEAM = WL8A724JM7;
				GENERATE_INFOPLIST_FILE = YES;
				MARKETING_VERSION = 1.0;
				PRODUCT_BUNDLE_IDENTIFIER = Affrmr.io.YoMoolaUITests;
				PRODUCT_NAME = "$(TARGET_NAME)";
				SWIFT_EMIT_LOC_STRINGS = NO;
				SWIFT_VERSION = 5.0;
				TARGETED_DEVICE_FAMILY = "1,2";
				TEST_TARGET_NAME = YoMoola;
			};
			name = Debug;
		};
		EB00B0462988A2B900D696E7 /* Release */ = {
			isa = XCBuildConfiguration;
			buildSettings = {
				ALWAYS_EMBED_SWIFT_STANDARD_LIBRARIES = YES;
				CODE_SIGN_STYLE = Automatic;
				CURRENT_PROJECT_VERSION = 1;
				DEVELOPMENT_TEAM = WL8A724JM7;
				GENERATE_INFOPLIST_FILE = YES;
				MARKETING_VERSION = 1.0;
				PRODUCT_BUNDLE_IDENTIFIER = Affrmr.io.YoMoolaUITests;
				PRODUCT_NAME = "$(TARGET_NAME)";
				SWIFT_EMIT_LOC_STRINGS = NO;
				SWIFT_VERSION = 5.0;
				TARGETED_DEVICE_FAMILY = "1,2";
				TEST_TARGET_NAME = YoMoola;
			};
			name = Release;
		};
/* End XCBuildConfiguration section */

/* Begin XCConfigurationList section */
		EB00B0152988A2B700D696E7 /* Build configuration list for PBXProject "YoMoola" */ = {
			isa = XCConfigurationList;
			buildConfigurations = (
				EB00B03C2988A2B900D696E7 /* Debug */,
				EB00B03D2988A2B900D696E7 /* Release */,
			);
			defaultConfigurationIsVisible = 0;
			defaultConfigurationName = Release;
		};
		EB00B03E2988A2B900D696E7 /* Build configuration list for PBXNativeTarget "YoMoola" */ = {
			isa = XCConfigurationList;
			buildConfigurations = (
				EB00B03F2988A2B900D696E7 /* Debug */,
				EB00B0402988A2B900D696E7 /* Release */,
			);
			defaultConfigurationIsVisible = 0;
			defaultConfigurationName = Release;
		};
		EB00B0412988A2B900D696E7 /* Build configuration list for PBXNativeTarget "YoMoolaTests" */ = {
			isa = XCConfigurationList;
			buildConfigurations = (
				EB00B0422988A2B900D696E7 /* Debug */,
				EB00B0432988A2B900D696E7 /* Release */,
			);
			defaultConfigurationIsVisible = 0;
			defaultConfigurationName = Release;
		};
		EB00B0442988A2B900D696E7 /* Build configuration list for PBXNativeTarget "YoMoolaUITests" */ = {
			isa = XCConfigurationList;
			buildConfigurations = (
				EB00B0452988A2B900D696E7 /* Debug */,
				EB00B0462988A2B900D696E7 /* Release */,
			);
			defaultConfigurationIsVisible = 0;
			defaultConfigurationName = Release;
		};
/* End XCConfigurationList section */
	};
	rootObject = EB00B0122988A2B700D696E7 /* Project object */;
}
